
Microsoft Visual Studio Solution File, Format Version 12.00
# Visual Studio Version 17
VisualStudioVersion = 17.3.32929.385
MinimumVisualStudioVersion = 10.0.40219.1
Project("{888888A0-9F3D-457C-B088-3A5042F75D52}") = "ABM en archivo", "ABM en archivo.pyproj", "{012FF47F-5631-4022-99D3-03082CB35819}"
EndProject
Global
	GlobalSection(SolutionConfigurationPlatforms) = preSolution
		Debug|Any CPU = Debug|Any CPU
		Release|Any CPU = Release|Any CPU
	EndGlobalSection
	GlobalSection(ProjectConfigurationPlatforms) = postSolution
		{012FF47F-5631-4022-99D3-03082CB35819}.Debug|Any CPU.ActiveCfg = Debug|Any CPU
		{012FF47F-5631-4022-99D3-03082CB35819}.Release|Any CPU.ActiveCfg = Release|Any CPU
	EndGlobalSection
	GlobalSection(SolutionProperties) = preSolution
		HideSolutionNode = FALSE
	EndGlobalSection
	GlobalSection(ExtensibilityGlobals) = postSolution
		SolutionGuid = {8F19E9FB-AEBC-46C6-8849-F8D5C7ED52E1}
	EndGlobalSection
EndGlobal
